
Microsoft Visual Studio Solution File, Format Version 12.00
# Visual Studio Version 17
VisualStudioVersion = 17.3.32929.385
MinimumVisualStudioVersion = 10.0.40219.1
Project("{FAE04EC0-301F-11D3-BF4B-00C04F79EFBC}") = "KıblePusulası_Mobil", "KıblePusulası_Mobil\KıblePusulası_Mobil.csproj", "{FD084E2E-9387-4433-B7FC-28033599CBA5}"
EndProject
Global
	GlobalSection(SolutionConfigurationPlatforms) = preSolution
		Debug|Any CPU = Debug|Any CPU
		Release|Any CPU = Release|Any CPU
	EndGlobalSection
	GlobalSection(ProjectConfigurationPlatforms) = postSolution
		{FD084E2E-9387-4433-B7FC-28033599CBA5}.Debug|Any CPU.ActiveCfg = Debug|Any CPU
		{FD084E2E-9387-4433-B7FC-28033599CBA5}.Debug|Any CPU.Build.0 = Debug|Any CPU
		{FD084E2E-9387-4433-B7FC-28033599CBA5}.Debug|Any CPU.Deploy.0 = Debug|Any CPU
		{FD084E2E-9387-4433-B7FC-28033599CBA5}.Release|Any CPU.ActiveCfg = Release|Any CPU
		{FD084E2E-9387-4433-B7FC-28033599CBA5}.Release|Any CPU.Build.0 = Release|Any CPU
		{FD084E2E-9387-4433-B7FC-28033599CBA5}.Release|Any CPU.Deploy.0 = Release|Any CPU
	EndGlobalSection
	GlobalSection(SolutionProperties) = preSolution
		HideSolutionNode = FALSE
	EndGlobalSection
	GlobalSection(ExtensibilityGlobals) = postSolution
		SolutionGuid = {B2BE84CC-A188-4547-84A3-99CA3DD8415F}
	EndGlobalSection
EndGlobal
