
Microsoft Visual Studio Solution File, Format Version 12.00
# Visual Studio Version 17
VisualStudioVersion = 17.3.32929.385
MinimumVisualStudioVersion = 10.0.40219.1
Project("{FAE04EC0-301F-11D3-BF4B-00C04F79EFBC}") = "EzanVakti_Mobil", "EzanVakti_Mobil\EzanVakti_Mobil.csproj", "{DD6FA700-2DC3-454F-83D2-2C42A019B8BC}"
EndProject
Global
	GlobalSection(SolutionConfigurationPlatforms) = preSolution
		Debug|Any CPU = Debug|Any CPU
		Release|Any CPU = Release|Any CPU
	EndGlobalSection
	GlobalSection(ProjectConfigurationPlatforms) = postSolution
		{DD6FA700-2DC3-454F-83D2-2C42A019B8BC}.Debug|Any CPU.ActiveCfg = Debug|Any CPU
		{DD6FA700-2DC3-454F-83D2-2C42A019B8BC}.Debug|Any CPU.Build.0 = Debug|Any CPU
		{DD6FA700-2DC3-454F-83D2-2C42A019B8BC}.Debug|Any CPU.Deploy.0 = Debug|Any CPU
		{DD6FA700-2DC3-454F-83D2-2C42A019B8BC}.Release|Any CPU.ActiveCfg = Release|Any CPU
		{DD6FA700-2DC3-454F-83D2-2C42A019B8BC}.Release|Any CPU.Build.0 = Release|Any CPU
		{DD6FA700-2DC3-454F-83D2-2C42A019B8BC}.Release|Any CPU.Deploy.0 = Release|Any CPU
	EndGlobalSection
	GlobalSection(SolutionProperties) = preSolution
		HideSolutionNode = FALSE
	EndGlobalSection
	GlobalSection(ExtensibilityGlobals) = postSolution
		SolutionGuid = {C2C8E6E9-65F1-41F8-8531-7A83B892EF57}
	EndGlobalSection
EndGlobal
